
Microsoft Visual Studio Solution File, Format Version 12.00
# Visual Studio Version 16
VisualStudioVersion = 16.0.29001.49
MinimumVisualStudioVersion = 10.0.40219.1
Project("{9A19103F-16F7-4668-BE54-9A1E7A4F7556}") = "GitRewrite", "GitRewrite\GitRewrite.csproj", "{1E422119-7262-49A4-9288-D0B41B1F8828}"
EndProject
Project("{FAE04EC0-301F-11D3-BF4B-00C04F79EFBC}") = "GitRewrite.Tests", "GitRewrite.Tests\GitRewrite.Tests.csproj", "{64C2FF8F-0733-480E-9B73-D6A1798A179A}"
EndProject
Global
	GlobalSection(SolutionConfigurationPlatforms) = preSolution
		Debug|Any CPU = Debug|Any CPU
		Release|Any CPU = Release|Any CPU
	EndGlobalSection
	GlobalSection(ProjectConfigurationPlatforms) = postSolution
		{1E422119-7262-49A4-9288-D0B41B1F8828}.Debug|Any CPU.ActiveCfg = Debug|Any CPU
		{1E422119-7262-49A4-9288-D0B41B1F8828}.Debug|Any CPU.Build.0 = Debug|Any CPU
		{1E422119-7262-49A4-9288-D0B41B1F8828}.Release|Any CPU.ActiveCfg = Release|Any CPU
		{1E422119-7262-49A4-9288-D0B41B1F8828}.Release|Any CPU.Build.0 = Release|Any CPU
		{64C2FF8F-0733-480E-9B73-D6A1798A179A}.Debug|Any CPU.ActiveCfg = Debug|Any CPU
		{64C2FF8F-0733-480E-9B73-D6A1798A179A}.Debug|Any CPU.Build.0 = Debug|Any CPU
		{64C2FF8F-0733-480E-9B73-D6A1798A179A}.Release|Any CPU.ActiveCfg = Release|Any CPU
		{64C2FF8F-0733-480E-9B73-D6A1798A179A}.Release|Any CPU.Build.0 = Release|Any CPU
	EndGlobalSection
	GlobalSection(SolutionProperties) = preSolution
		HideSolutionNode = FALSE
	EndGlobalSection
	GlobalSection(ExtensibilityGlobals) = postSolution
		SolutionGuid = {214214AF-794A-4789-BF25-0BE55526454A}
	EndGlobalSection
EndGlobal
